// !$*UTF8*$!
{
	archiveVersion = 1;
	classes = {
	};
	objectVersion = 50;
	objects = {

/* Begin PBXBuildFile section */
		0E33D0B4C85AFA7610838F00 /* Pods_Test2.framework in Frameworks */ = {isa = PBXBuildFile; fileRef = D829DC6BE747D12AC3A766A4 /* Pods_Test2.framework */; };
		EA2D0B8C20A90BB100452A65 /* LocaleBox.swift in Sources */ = {isa = PBXBuildFile; fileRef = EA2D0B8B20A90BB100452A65 /* LocaleBox.swift */; };
		EA9C0F1120A33C3E00783171 /* AppDelegate.swift in Sources */ = {isa = PBXBuildFile; fileRef = EA9C0F1020A33C3E00783171 /* AppDelegate.swift */; };
		EA9C0F1620A33C3E00783171 /* Main.storyboard in Resources */ = {isa = PBXBuildFile; fileRef = EA9C0F1420A33C3E00783171 /* Main.storyboard */; };
		EA9C0F1820A33C3F00783171 /* Assets.xcassets in Resources */ = {isa = PBXBuildFile; fileRef = EA9C0F1720A33C3F00783171 /* Assets.xcassets */; };
		EA9C0F1B20A33C3F00783171 /* LaunchScreen.storyboard in Resources */ = {isa = PBXBuildFile; fileRef = EA9C0F1920A33C3F00783171 /* LaunchScreen.storyboard */; };
		EA9C0F2720A343F700783171 /* RegisterUserViewController.swift in Sources */ = {isa = PBXBuildFile; fileRef = EA9C0F2620A343F700783171 /* RegisterUserViewController.swift */; };
		EA9C0F2920A348D900783171 /* SignInViewController.swift in Sources */ = {isa = PBXBuildFile; fileRef = EA9C0F2820A348D900783171 /* SignInViewController.swift */; };
		EAA2DA7720A8638200E148A0 /* LocalesViewController.swift in Sources */ = {isa = PBXBuildFile; fileRef = EAA2DA7620A8638200E148A0 /* LocalesViewController.swift */; };
		EAD44EC220A867EC00632808 /* OccuranceCell.swift in Sources */ = {isa = PBXBuildFile; fileRef = EAD44EC120A867EC00632808 /* OccuranceCell.swift */; };
		EAD44EC620A86D2B00632808 /* OccurenceViewController.swift in Sources */ = {isa = PBXBuildFile; fileRef = EAD44EC520A86D2B00632808 /* OccurenceViewController.swift */; };
/* End PBXBuildFile section */

/* Begin PBXFileReference section */
		16373FCF364B1283F58485A4 /* Pods-Test2.debug.xcconfig */ = {isa = PBXFileReference; includeInIndex = 1; lastKnownFileType = text.xcconfig; name = "Pods-Test2.debug.xcconfig"; path = "Pods/Target Support Files/Pods-Test2/Pods-Test2.debug.xcconfig"; sourceTree = "<group>"; };
		A4B3128E6CD5350E6133B05D /* Pods-Test2.release.xcconfig */ = {isa = PBXFileReference; includeInIndex = 1; lastKnownFileType = text.xcconfig; name = "Pods-Test2.release.xcconfig"; path = "Pods/Target Support Files/Pods-Test2/Pods-Test2.release.xcconfig"; sourceTree = "<group>"; };
		D829DC6BE747D12AC3A766A4 /* Pods_Test2.framework */ = {isa = PBXFileReference; explicitFileType = wrapper.framework; includeInIndex = 0; path = Pods_Test2.framework; sourceTree = BUILT_PRODUCTS_DIR; };
		EA2D0B8B20A90BB100452A65 /* LocaleBox.swift */ = {isa = PBXFileReference; lastKnownFileType = sourcecode.swift; path = LocaleBox.swift; sourceTree = "<group>"; };
		EA9C0F0D20A33C3E00783171 /* Test2.app */ = {isa = PBXFileReference; explicitFileType = wrapper.application; includeInIndex = 0; path = Test2.app; sourceTree = BUILT_PRODUCTS_DIR; };
		EA9C0F1020A33C3E00783171 /* AppDelegate.swift */ = {isa = PBXFileReference; lastKnownFileType = sourcecode.swift; path = AppDelegate.swift; sourceTree = "<group>"; };
		EA9C0F1520A33C3E00783171 /* Base */ = {isa = PBXFileReference; lastKnownFileType = file.storyboard; name = Base; path = Base.lproj/Main.storyboard; sourceTree = "<group>"; };
		EA9C0F1720A33C3F00783171 /* Assets.xcassets */ = {isa = PBXFileReference; lastKnownFileType = folder.assetcatalog; path = Assets.xcassets; sourceTree = "<group>"; };
		EA9C0F1A20A33C3F00783171 /* Base */ = {isa = PBXFileReference; lastKnownFileType = file.storyboard; name = Base; path = Base.lproj/LaunchScreen.storyboard; sourceTree = "<group>"; };
		EA9C0F1C20A33C3F00783171 /* Info.plist */ = {isa = PBXFileReference; lastKnownFileType = text.plist.xml; path = Info.plist; sourceTree = "<group>"; };
		EA9C0F2620A343F700783171 /* RegisterUserViewController.swift */ = {isa = PBXFileReference; lastKnownFileType = sourcecode.swift; path = RegisterUserViewController.swift; sourceTree = "<group>"; };
		EA9C0F2820A348D900783171 /* SignInViewController.swift */ = {isa = PBXFileReference; lastKnownFileType = sourcecode.swift; path = SignInViewController.swift; sourceTree = "<group>"; };
		EAA2DA7620A8638200E148A0 /* LocalesViewController.swift */ = {isa = PBXFileReference; lastKnownFileType = sourcecode.swift; path = LocalesViewController.swift; sourceTree = "<group>"; };
		EAD44EC120A867EC00632808 /* OccuranceCell.swift */ = {isa = PBXFileReference; lastKnownFileType = sourcecode.swift; name = OccuranceCell.swift; path = /Users/arsenij/Documents/XcodeProg/Test2/Test2/OccuranceCell.swift; sourceTree = "<absolute>"; };
		EAD44EC520A86D2B00632808 /* OccurenceViewController.swift */ = {isa = PBXFileReference; lastKnownFileType = sourcecode.swift; path = OccurenceViewController.swift; sourceTree = "<group>"; };
/* End PBXFileReference section */

/* Begin PBXFrameworksBuildPhase section */
		EA9C0F0A20A33C3E00783171 /* Frameworks */ = {
			isa = PBXFrameworksBuildPhase;
			buildActionMask = 2147483647;
			files = (
				0E33D0B4C85AFA7610838F00 /* Pods_Test2.framework in Frameworks */,
			);
			runOnlyForDeploymentPostprocessing = 0;
		};
/* End PBXFrameworksBuildPhase section */

/* Begin PBXGroup section */
		2421CA23EACDA823C16B2131 /* Pods */ = {
			isa = PBXGroup;
			children = (
				16373FCF364B1283F58485A4 /* Pods-Test2.debug.xcconfig */,
				A4B3128E6CD5350E6133B05D /* Pods-Test2.release.xcconfig */,
			);
			name = Pods;
			sourceTree = "<group>";
		};
		5E96B25F02EA1D6299FBF7A4 /* Frameworks */ = {
			isa = PBXGroup;
			children = (
				D829DC6BE747D12AC3A766A4 /* Pods_Test2.framework */,
			);
			name = Frameworks;
			sourceTree = "<group>";
		};
		EA2D0B8A20A90ADA00452A65 /* Model */ = {
			isa = PBXGroup;
			children = (
				EA2D0B8B20A90BB100452A65 /* LocaleBox.swift */,
			);
			path = Model;
			sourceTree = "<group>";
		};
		EA2D0BAF20A9A83000452A65 /* Controller */ = {
			isa = PBXGroup;
			children = (
				EAD44EC520A86D2B00632808 /* OccurenceViewController.swift */,
				EAA2DA7620A8638200E148A0 /* LocalesViewController.swift */,
				EA9C0F2820A348D900783171 /* SignInViewController.swift */,
				EA9C0F2620A343F700783171 /* RegisterUserViewController.swift */,
			);
			path = Controller;
			sourceTree = "<group>";
		};
		EA2D0BB020A9A86E00452A65 /* Storyboards */ = {
			isa = PBXGroup;
			children = (
				EA9C0F1420A33C3E00783171 /* Main.storyboard */,
				EA9C0F1920A33C3F00783171 /* LaunchScreen.storyboard */,
			);
			path = Storyboards;
			sourceTree = "<group>";
		};
		EA9C0F0420A33C3E00783171 = {
			isa = PBXGroup;
			children = (
				EA9C0F0F20A33C3E00783171 /* Test2 */,
				EA9C0F0E20A33C3E00783171 /* Products */,
				2421CA23EACDA823C16B2131 /* Pods */,
				5E96B25F02EA1D6299FBF7A4 /* Frameworks */,
			);
			sourceTree = "<group>";
		};
		EA9C0F0E20A33C3E00783171 /* Products */ = {
			isa = PBXGroup;
			children = (
				EA9C0F0D20A33C3E00783171 /* Test2.app */,
			);
			name = Products;
			sourceTree = "<group>";
		};
		EA9C0F0F20A33C3E00783171 /* Test2 */ = {
			isa = PBXGroup;
			children = (
				EA9C0F1020A33C3E00783171 /* AppDelegate.swift */,
				EA9C0F1720A33C3F00783171 /* Assets.xcassets */,
				EA9C0F1C20A33C3F00783171 /* Info.plist */,
				EAD44EC420A86B2600632808 /* View */,
				EA2D0B8A20A90ADA00452A65 /* Model */,
				EA2D0BAF20A9A83000452A65 /* Controller */,
				EA2D0BB020A9A86E00452A65 /* Storyboards */,
			);
			path = Test2;
			sourceTree = "<group>";
		};
		EAD44EC420A86B2600632808 /* View */ = {
			isa = PBXGroup;
			children = (
				EAD44EC120A867EC00632808 /* OccuranceCell.swift */,
			);
			path = View;
			sourceTree = "<group>";
		};
/* End PBXGroup section */

/* Begin PBXNativeTarget section */
		EA9C0F0C20A33C3E00783171 /* Test2 */ = {
			isa = PBXNativeTarget;
			buildConfigurationList = EA9C0F1F20A33C3F00783171 /* Build configuration list for PBXNativeTarget "Test2" */;
			buildPhases = (
				71B530856DBEBB35AF484803 /* [CP] Check Pods Manifest.lock */,
				EA9C0F0920A33C3E00783171 /* Sources */,
				EA9C0F0A20A33C3E00783171 /* Frameworks */,
				EA9C0F0B20A33C3E00783171 /* Resources */,
				CA128520BDD4F78F6DFB98DD /* [CP] Embed Pods Frameworks */,
			);
			buildRules = (
			);
			dependencies = (
			);
			name = Test2;
			productName = Test2;
			productReference = EA9C0F0D20A33C3E00783171 /* Test2.app */;
			productType = "com.apple.product-type.application";
		};
/* End PBXNativeTarget section */

/* Begin PBXProject section */
		EA9C0F0520A33C3E00783171 /* Project object */ = {
			isa = PBXProject;
			attributes = {
				LastSwiftUpdateCheck = 0930;
				LastUpgradeCheck = 0930;
				ORGANIZATIONNAME = ArsenIT;
				TargetAttributes = {
					EA9C0F0C20A33C3E00783171 = {
						CreatedOnToolsVersion = 9.3;
					};
				};
			};
			buildConfigurationList = EA9C0F0820A33C3E00783171 /* Build configuration list for PBXProject "Test2" */;
			compatibilityVersion = "Xcode 9.3";
			developmentRegion = en;
			hasScannedForEncodings = 0;
			knownRegions = (
				en,
				Base,
			);
			mainGroup = EA9C0F0420A33C3E00783171;
			productRefGroup = EA9C0F0E20A33C3E00783171 /* Products */;
			projectDirPath = "";
			projectRoot = "";
			targets = (
				EA9C0F0C20A33C3E00783171 /* Test2 */,
			);
		};
/* End PBXProject section */

/* Begin PBXResourcesBuildPhase section */
		EA9C0F0B20A33C3E00783171 /* Resources */ = {
			isa = PBXResourcesBuildPhase;
			buildActionMask = 2147483647;
			files = (
				EA9C0F1B20A33C3F00783171 /* LaunchScreen.storyboard in Resources */,
				EA9C0F1820A33C3F00783171 /* Assets.xcassets in Resources */,
				EA9C0F1620A33C3E00783171 /* Main.storyboard in Resources */,
			);
			runOnlyForDeploymentPostprocessing = 0;
		};
/* End PBXResourcesBuildPhase section */

/* Begin PBXShellScriptBuildPhase section */
		71B530856DBEBB35AF484803 /* [CP] Check Pods Manifest.lock */ = {
			isa = PBXShellScriptBuildPhase;
			buildActionMask = 2147483647;
			files = (
			);
			inputPaths = (
				"${PODS_PODFILE_DIR_PATH}/Podfile.lock",
				"${PODS_ROOT}/Manifest.lock",
			);
			name = "[CP] Check Pods Manifest.lock";
			outputPaths = (
				"$(DERIVED_FILE_DIR)/Pods-Test2-checkManifestLockResult.txt",
			);
			runOnlyForDeploymentPostprocessing = 0;
			shellPath = /bin/sh;
			shellScript = "diff \"${PODS_PODFILE_DIR_PATH}/Podfile.lock\" \"${PODS_ROOT}/Manifest.lock\" > /dev/null\nif [ $? != 0 ] ; then\n    # print error to STDERR\n    echo \"error: The sandbox is not in sync with the Podfile.lock. Run 'pod install' or update your CocoaPods installation.\" >&2\n    exit 1\nfi\n# This output is used by Xcode 'outputs' to avoid re-running this script phase.\necho \"SUCCESS\" > \"${SCRIPT_OUTPUT_FILE_0}\"\n";
			showEnvVarsInLog = 0;
		};
		CA128520BDD4F78F6DFB98DD /* [CP] Embed Pods Frameworks */ = {
			isa = PBXShellScriptBuildPhase;
			buildActionMask = 2147483647;
			files = (
			);
			inputPaths = (
				"${SRCROOT}/Pods/Target Support Files/Pods-Test2/Pods-Test2-frameworks.sh",
				"${BUILT_PRODUCTS_DIR}/Alamofire/Alamofire.framework",
				"${BUILT_PRODUCTS_DIR}/KeychainSwift/KeychainSwift.framework",
				"${BUILT_PRODUCTS_DIR}/SwiftyJSON/SwiftyJSON.framework",
			);
			name = "[CP] Embed Pods Frameworks";
			outputPaths = (
				"${TARGET_BUILD_DIR}/${FRAMEWORKS_FOLDER_PATH}/Alamofire.framework",
				"${TARGET_BUILD_DIR}/${FRAMEWORKS_FOLDER_PATH}/KeychainSwift.framework",
				"${TARGET_BUILD_DIR}/${FRAMEWORKS_FOLDER_PATH}/SwiftyJSON.framework",
			);
			runOnlyForDeploymentPostprocessing = 0;
			shellPath = /bin/sh;
			shellScript = "\"${SRCROOT}/Pods/Target Support Files/Pods-Test2/Pods-Test2-frameworks.sh\"\n";
			showEnvVarsInLog = 0;
		};
/* End PBXShellScriptBuildPhase section */

/* Begin PBXSourcesBuildPhase section */
		EA9C0F0920A33C3E00783171 /* Sources */ = {
			isa = PBXSourcesBuildPhase;
			buildActionMask = 2147483647;
			files = (
				EA9C0F2920A348D900783171 /* SignInViewController.swift in Sources */,
				EAD44EC220A867EC00632808 /* OccuranceCell.swift in Sources */,
				EA9C0F2720A343F700783171 /* RegisterUserViewController.swift in Sources */,
				EAA2DA7720A8638200E148A0 /* LocalesViewController.swift in Sources */,
				EA2D0B8C20A90BB100452A65 /* LocaleBox.swift in Sources */,
				EAD44EC620A86D2B00632808 /* OccurenceViewController.swift in Sources */,
				EA9C0F1120A33C3E00783171 /* AppDelegate.swift in Sources */,
			);
			runOnlyForDeploymentPostprocessing = 0;
		};
/* End PBXSourcesBuildPhase section */

/* Begin PBXVariantGroup section */
		EA9C0F1420A33C3E00783171 /* Main.storyboard */ = {
			isa = PBXVariantGroup;
			children = (
				EA9C0F1520A33C3E00783171 /* Base */,
			);
			name = Main.storyboard;
			sourceTree = "<group>";
		};
		EA9C0F1920A33C3F00783171 /* LaunchScreen.storyboard */ = {
			isa = PBXVariantGroup;
			children = (
				EA9C0F1A20A33C3F00783171 /* Base */,
			);
			name = LaunchScreen.storyboard;
			sourceTree = "<group>";
		};
/* End PBXVariantGroup section */

/* Begin XCBuildConfiguration section */
		EA9C0F1D20A33C3F00783171 /* Debug */ = {
			isa = XCBuildConfiguration;
			buildSettings = {
				ALWAYS_SEARCH_USER_PATHS = NO;
				CLANG_ANALYZER_NONNULL = YES;
				CLANG_ANALYZER_NUMBER_OBJECT_CONVERSION = YES_AGGRESSIVE;
				CLANG_CXX_LANGUAGE_STANDARD = "gnu++14";
				CLANG_CXX_LIBRARY = "libc++";
				CLANG_ENABLE_MODULES = YES;
				CLANG_ENABLE_OBJC_ARC = YES;
				CLANG_ENABLE_OBJC_WEAK = YES;
				CLANG_WARN_BLOCK_CAPTURE_AUTORELEASING = YES;
				CLANG_WARN_BOOL_CONVERSION = YES;
				CLANG_WARN_COMMA = YES;
				CLANG_WARN_CONSTANT_CONVERSION = YES;
				CLANG_WARN_DEPRECATED_OBJC_IMPLEMENTATIONS = YES;
				CLANG_WARN_DIRECT_OBJC_ISA_USAGE = YES_ERROR;
				CLANG_WARN_DOCUMENTATION_COMMENTS = YES;
				CLANG_WARN_EMPTY_BODY = YES;
				CLANG_WARN_ENUM_CONVERSION = YES;
				CLANG_WARN_INFINITE_RECURSION = YES;
				CLANG_WARN_INT_CONVERSION = YES;
				CLANG_WARN_NON_LITERAL_NULL_CONVERSION = YES;
				CLANG_WARN_OBJC_IMPLICIT_RETAIN_SELF = YES;
				CLANG_WARN_OBJC_LITERAL_CONVERSION = YES;
				CLANG_WARN_OBJC_ROOT_CLASS = YES_ERROR;
				CLANG_WARN_RANGE_LOOP_ANALYSIS = YES;
				CLANG_WARN_STRICT_PROTOTYPES = YES;
				CLANG_WARN_SUSPICIOUS_MOVE = YES;
				CLANG_WARN_UNGUARDED_AVAILABILITY = YES_AGGRESSIVE;
				CLANG_WARN_UNREACHABLE_CODE = YES;
				CLANG_WARN__DUPLICATE_METHOD_MATCH = YES;
				CODE_SIGN_IDENTITY = "iPhone Developer";
				COPY_PHASE_STRIP = NO;
				DEBUG_INFORMATION_FORMAT = dwarf;
				ENABLE_STRICT_OBJC_MSGSEND = YES;
				ENABLE_TESTABILITY = YES;
				GCC_C_LANGUAGE_STANDARD = gnu11;
				GCC_DYNAMIC_NO_PIC = NO;
				GCC_NO_COMMON_BLOCKS = YES;
				GCC_OPTIMIZATION_LEVEL = 0;
				GCC_PREPROCESSOR_DEFINITIONS = (
					"DEBUG=1",
					"$(inherited)",
				);
				GCC_WARN_64_TO_32_BIT_CONVERSION = YES;
				GCC_WARN_ABOUT_RETURN_TYPE = YES_ERROR;
				GCC_WARN_UNDECLARED_SELECTOR = YES;
				GCC_WARN_UNINITIALIZED_AUTOS = YES_AGGRESSIVE;
				GCC_WARN_UNUSED_FUNCTION = YES;
				GCC_WARN_UNUSED_VARIABLE = YES;
				IPHONEOS_DEPLOYMENT_TARGET = 11.3;
				MTL_ENABLE_DEBUG_INFO = YES;
				ONLY_ACTIVE_ARCH = YES;
				SDKROOT = iphoneos;
				SWIFT_ACTIVE_COMPILATION_CONDITIONS = DEBUG;
				SWIFT_OPTIMIZATION_LEVEL = "-Onone";
			};
			name = Debug;
		};
		EA9C0F1E20A33C3F00783171 /* Release */ = {
			isa = XCBuildConfiguration;
			buildSettings = {
				ALWAYS_SEARCH_USER_PATHS = NO;
				CLANG_ANALYZER_NONNULL = YES;
				CLANG_ANALYZER_NUMBER_OBJECT_CONVERSION = YES_AGGRESSIVE;
				CLANG_CXX_LANGUAGE_STANDARD = "gnu++14";
				CLANG_CXX_LIBRARY = "libc++";
				CLANG_ENABLE_MODULES = YES;
				CLANG_ENABLE_OBJC_ARC = YES;
				CLANG_ENABLE_OBJC_WEAK = YES;
				CLANG_WARN_BLOCK_CAPTURE_AUTORELEASING = YES;
				CLANG_WARN_BOOL_CONVERSION = YES;
				CLANG_WARN_COMMA = YES;
				CLANG_WARN_CONSTANT_CONVERSION = YES;
				CLANG_WARN_DEPRECATED_OBJC_IMPLEMENTATIONS = YES;
				CLANG_WARN_DIRECT_OBJC_ISA_USAGE = YES_ERROR;
				CLANG_WARN_DOCUMENTATION_COMMENTS = YES;
				CLANG_WARN_EMPTY_BODY = YES;
				CLANG_WARN_ENUM_CONVERSION = YES;
				CLANG_WARN_INFINITE_RECURSION = YES;
				CLANG_WARN_INT_CONVERSION = YES;
				CLANG_WARN_NON_LITERAL_NULL_CONVERSION = YES;
				CLANG_WARN_OBJC_IMPLICIT_RETAIN_SELF = YES;
				CLANG_WARN_OBJC_LITERAL_CONVERSION = YES;
				CLANG_WARN_OBJC_ROOT_CLASS = YES_ERROR;
				CLANG_WARN_RANGE_LOOP_ANALYSIS = YES;
				CLANG_WARN_STRICT_PROTOTYPES = YES;
				CLANG_WARN_SUSPICIOUS_MOVE = YES;
				CLANG_WARN_UNGUARDED_AVAILABILITY = YES_AGGRESSIVE;
				CLANG_WARN_UNREACHABLE_CODE = YES;
				CLANG_WARN__DUPLICATE_METHOD_MATCH = YES;
				CODE_SIGN_IDENTITY = "iPhone Developer";
				COPY_PHASE_STRIP = NO;
				DEBUG_INFORMATION_FORMAT = "dwarf-with-dsym";
				ENABLE_NS_ASSERTIONS = NO;
				ENABLE_STRICT_OBJC_MSGSEND = YES;
				GCC_C_LANGUAGE_STANDARD = gnu11;
				GCC_NO_COMMON_BLOCKS = YES;
				GCC_WARN_64_TO_32_BIT_CONVERSION = YES;
				GCC_WARN_ABOUT_RETURN_TYPE = YES_ERROR;
				GCC_WARN_UNDECLARED_SELECTOR = YES;
				GCC_WARN_UNINITIALIZED_AUTOS = YES_AGGRESSIVE;
				GCC_WARN_UNUSED_FUNCTION = YES;
				GCC_WARN_UNUSED_VARIABLE = YES;
				IPHONEOS_DEPLOYMENT_TARGET = 11.3;
				MTL_ENABLE_DEBUG_INFO = NO;
				SDKROOT = iphoneos;
				SWIFT_COMPILATION_MODE = wholemodule;
				SWIFT_OPTIMIZATION_LEVEL = "-O";
				VALIDATE_PRODUCT = YES;
			};
			name = Release;
		};
		EA9C0F2020A33C3F00783171 /* Debug */ = {
			isa = XCBuildConfiguration;
			baseConfigurationReference = 16373FCF364B1283F58485A4 /* Pods-Test2.debug.xcconfig */;
			buildSettings = {
				ASSETCATALOG_COMPILER_APPICON_NAME = AppIcon;
				CODE_SIGN_STYLE = Automatic;
				DEVELOPMENT_TEAM = CC2XQ46X7Z;
				INFOPLIST_FILE = Test2/Info.plist;
				LD_RUNPATH_SEARCH_PATHS = (
					"$(inherited)",
					"@executable_path/Frameworks",
				);
				PRODUCT_BUNDLE_IDENTIFIER = AK.Test2;
				PRODUCT_NAME = "$(TARGET_NAME)";
				SWIFT_VERSION = 4.0;
				TARGETED_DEVICE_FAMILY = "1,2";
			};
			name = Debug;
		};
		EA9C0F2120A33C3F00783171 /* Release */ = {
			isa = XCBuildConfiguration;
			baseConfigurationReference = A4B3128E6CD5350E6133B05D /* Pods-Test2.release.xcconfig */;
			buildSettings = {
				ASSETCATALOG_COMPILER_APPICON_NAME = AppIcon;
				CODE_SIGN_STYLE = Automatic;
				DEVELOPMENT_TEAM = CC2XQ46X7Z;
				INFOPLIST_FILE = Test2/Info.plist;
				LD_RUNPATH_SEARCH_PATHS = (
					"$(inherited)",
					"@executable_path/Frameworks",
				);
				PRODUCT_BUNDLE_IDENTIFIER = AK.Test2;
				PRODUCT_NAME = "$(TARGET_NAME)";
				SWIFT_VERSION = 4.0;
				TARGETED_DEVICE_FAMILY = "1,2";
			};
			name = Release;
		};
/* End XCBuildConfiguration section */

/* Begin XCConfigurationList section */
		EA9C0F0820A33C3E00783171 /* Build configuration list for PBXProject "Test2" */ = {
			isa = XCConfigurationList;
			buildConfigurations = (
				EA9C0F1D20A33C3F00783171 /* Debug */,
				EA9C0F1E20A33C3F00783171 /* Release */,
			);
			defaultConfigurationIsVisible = 0;
			defaultConfigurationName = Release;
		};
		EA9C0F1F20A33C3F00783171 /* Build configuration list for PBXNativeTarget "Test2" */ = {
			isa = XCConfigurationList;
			buildConfigurations = (
				EA9C0F2020A33C3F00783171 /* Debug */,
				EA9C0F2120A33C3F00783171 /* Release */,
			);
			defaultConfigurationIsVisible = 0;
			defaultConfigurationName = Release;
		};
/* End XCConfigurationList section */
	};
	rootObject = EA9C0F0520A33C3E00783171 /* Project object */;
}
